{
  "originHash" : "b292be0c66576dc486c251e87a5ee1e1b9ed80eca7c28728ce82a745ad2bcf5c",
  "pins" : [
    {
      "identity" : "navigator",
      "kind" : "remoteSourceControl",
      "location" : "https://github.com/hmlongco/Navigator",
      "state" : {
        "revision" : "c86f201c35c6ed621ddd561206f5aec1a5a67dab",
        "version" : "0.9.26"
      }
    }
  ],
  "version" : 3
}
